# This file was autogenerated by Stack.
# You should not edit this file by hand.
# For more information, please see the documentation at:
#   https://docs.haskellstack.org/en/stable/lock_files

packages:
- completed:
    hackage: bitstring-0.0.0@sha256:7638c1c515d728a84507e33c830854cfd141a5bcabec6963e68f52baf27979e9,1248
    pantry-tree:
      sha256: 2006295f9a9943177952b9b0bfee7de96d5f86d8f989de7dd154159705fa2572
      size: 284
  original:
    hackage: bitstring-0.0.0
snapshots:
- completed:
    sha256: a209d3455279ee76eb45f01f73bbb960ceaaa8dfad8891435384689df4dcb653
    size: 617368
    url: https://raw.githubusercontent.com/commercialhaskell/stackage-snapshots/master/lts/19/3.yaml
  original:
    url: https://raw.githubusercontent.com/commercialhaskell/stackage-snapshots/master/lts/19/3.yaml
