# This file was autogenerated by Stack.
# You should not edit this file by hand.
# For more information, please see the documentation at:
#   https://docs.haskellstack.org/en/stable/lock_files

packages:
- completed:
    hackage: bitstring-0.0.0@sha256:7638c1c515d728a84507e33c830854cfd141a5bcabec6963e68f52baf27979e9,1248
    pantry-tree:
      sha256: 2006295f9a9943177952b9b0bfee7de96d5f86d8f989de7dd154159705fa2572
      size: 284
  original:
    hackage: bitstring-0.0.0
snapshots:
- completed:
    sha256: e2c529ccfb21501f98f639e056cbde50470b86256d9849d7a82d414ca23e4276
    size: 712898
    url: https://raw.githubusercontent.com/commercialhaskell/stackage-snapshots/master/lts/22/12.yaml
  original: lts-22.12
